<Solution>
  <Folder Name="/src/" />
  <Folder Name="/src/hosts/">
    <Project Path="src/hosts/Host.Api/Host.Api.csproj" />
  </Folder>
  <Folder Name="/src/modules/">
    <Project Path="src/modules/Module.Audit/Module.Audit.csproj" />
    <Project Path="src/modules/Module.Identity/Module.Identity.csproj" />
  </Folder>
  <Folder Name="/src/shared/">
    <Project Path="src/shared/Shared.Contracts/Shared.Contracts.csproj" />
    <Project Path="src/shared/Shared.Data/Shared.Data.csproj" />
    <Project Path="src/shared/Shared.Http/Shared.Http.csproj" />
    <Project Path="src/shared/Shared.Messaging/Shared.Messaging.csproj" />
    <Project Path="src/shared/Shared.Observability/Shared.Observability.csproj" />
    <Project Path="src/shared/Shared.WebHost/Shared.WebHost.csproj" />
  </Folder>
  <Folder Name="/tests/">
    <Project Path="tests/Tests.Architecture/Tests.Architecture.csproj" />
    <Project Path="tests/Tests.Functional/Tests.Functional.csproj" />
    <Project Path="tests/Tests.Integration/Tests.Integration.csproj" />
    <Project Path="tests/Tests.Unit/Tests.Unit.csproj" />
  </Folder>
</Solution>
